
Microsoft Visual Studio Solution File, Format Version 12.00
# Visual Studio Version 16
VisualStudioVersion = 16.0.32802.440
MinimumVisualStudioVersion = 10.0.40219.1
Project("{FAE04EC0-301F-11D3-BF4B-00C04F79EFBC}") = "Suma", "Suma\Suma.csproj", "{C54DBF85-F60A-43AF-8FDA-518749296697}"
EndProject
Global
	GlobalSection(SolutionConfigurationPlatforms) = preSolution
		Debug|Any CPU = Debug|Any CPU
		Release|Any CPU = Release|Any CPU
	EndGlobalSection
	GlobalSection(ProjectConfigurationPlatforms) = postSolution
		{C54DBF85-F60A-43AF-8FDA-518749296697}.Debug|Any CPU.ActiveCfg = Debug|Any CPU
		{C54DBF85-F60A-43AF-8FDA-518749296697}.Debug|Any CPU.Build.0 = Debug|Any CPU
		{C54DBF85-F60A-43AF-8FDA-518749296697}.Release|Any CPU.ActiveCfg = Release|Any CPU
		{C54DBF85-F60A-43AF-8FDA-518749296697}.Release|Any CPU.Build.0 = Release|Any CPU
	EndGlobalSection
	GlobalSection(SolutionProperties) = preSolution
		HideSolutionNode = FALSE
	EndGlobalSection
	GlobalSection(ExtensibilityGlobals) = postSolution
		SolutionGuid = {21686D2D-344A-48BB-8BB2-1DFFF1816DEE}
	EndGlobalSection
EndGlobal
